// !$*UTF8*$!
{
	archiveVersion = 1;
	classes = {
	};
	objectVersion = 46;
	objects = {

/* Begin PBXBuildFile section */
		E405943C2001EA870056EED1 /* RelictSlider.swift in Sources */ = {isa = PBXBuildFile; fileRef = E405943B2001EA870056EED1 /* RelictSlider.swift */; };
		E421EA511F38FA040088C40F /* Alert.swift in Sources */ = {isa = PBXBuildFile; fileRef = E421EA501F38FA040088C40F /* Alert.swift */; };
		E43DD0B11FA5F0AF00DF6462 /* Constants.swift in Sources */ = {isa = PBXBuildFile; fileRef = E43DD0B01FA5F0AF00DF6462 /* Constants.swift */; };
		E481ADA81F14E6FD00F22ECA /* AppDelegate.swift in Sources */ = {isa = PBXBuildFile; fileRef = E481ADA71F14E6FD00F22ECA /* AppDelegate.swift */; };
		E481ADAD1F14E6FD00F22ECA /* Main.storyboard in Resources */ = {isa = PBXBuildFile; fileRef = E481ADAB1F14E6FD00F22ECA /* Main.storyboard */; };
		E481ADAF1F14E6FD00F22ECA /* Assets.xcassets in Resources */ = {isa = PBXBuildFile; fileRef = E481ADAE1F14E6FD00F22ECA /* Assets.xcassets */; };
		E481ADBB1F14FC5200F22ECA /* DarkKnightViewController.swift in Sources */ = {isa = PBXBuildFile; fileRef = E481ADBA1F14FC5200F22ECA /* DarkKnightViewController.swift */; };
		E481ADBD1F14FC6700F22ECA /* DarkWizardViewController.swift in Sources */ = {isa = PBXBuildFile; fileRef = E481ADBC1F14FC6700F22ECA /* DarkWizardViewController.swift */; };
		E481ADBF1F14FC8000F22ECA /* ElfViewController.swift in Sources */ = {isa = PBXBuildFile; fileRef = E481ADBE1F14FC8000F22ECA /* ElfViewController.swift */; };
		E481ADC11F14FC9100F22ECA /* MagicKnightViewController.swift in Sources */ = {isa = PBXBuildFile; fileRef = E481ADC01F14FC9100F22ECA /* MagicKnightViewController.swift */; };
		E481ADC31F17921D00F22ECA /* MainMenuViewController.swift in Sources */ = {isa = PBXBuildFile; fileRef = E481ADC21F17921D00F22ECA /* MainMenuViewController.swift */; };
		E481ADC61F17B11300F22ECA /* Character.swift in Sources */ = {isa = PBXBuildFile; fileRef = E481ADC51F17B11300F22ECA /* Character.swift */; };
		E48703921F9E66FE00562F5F /* Colors.swift in Sources */ = {isa = PBXBuildFile; fileRef = E48703911F9E66FE00562F5F /* Colors.swift */; };
		E48703941F9FAE2200562F5F /* MenuButton.swift in Sources */ = {isa = PBXBuildFile; fileRef = E48703931F9FAE2100562F5F /* MenuButton.swift */; };
		E48703961FA03F1100562F5F /* TextClass.swift in Sources */ = {isa = PBXBuildFile; fileRef = E48703951FA03F1100562F5F /* TextClass.swift */; };
		E48703981FA040FF00562F5F /* LabelWhiteColorClass.swift in Sources */ = {isa = PBXBuildFile; fileRef = E48703971FA040FF00562F5F /* LabelWhiteColorClass.swift */; };
		E487039A1FA2334300562F5F /* LabelOrangeColorClass.swift in Sources */ = {isa = PBXBuildFile; fileRef = E48703991FA2334300562F5F /* LabelOrangeColorClass.swift */; };
		E490707E1FE20CF800671F89 /* IPadViewController.swift in Sources */ = {isa = PBXBuildFile; fileRef = E490707D1FE20CF800671F89 /* IPadViewController.swift */; };
		E4A783051FB8DEF70056F5A2 /* SaveStats.swift in Sources */ = {isa = PBXBuildFile; fileRef = E4A783041FB8DEF70056F5A2 /* SaveStats.swift */; };
		E4AC6D4A1FA528C100A7CFBA /* ChangeStatsButton.swift in Sources */ = {isa = PBXBuildFile; fileRef = E4AC6D491FA528C100A7CFBA /* ChangeStatsButton.swift */; };
/* End PBXBuildFile section */

/* Begin PBXFileReference section */
		E405943B2001EA870056EED1 /* RelictSlider.swift */ = {isa = PBXFileReference; lastKnownFileType = sourcecode.swift; path = RelictSlider.swift; sourceTree = "<group>"; };
		E421EA501F38FA040088C40F /* Alert.swift */ = {isa = PBXFileReference; fileEncoding = 4; lastKnownFileType = sourcecode.swift; path = Alert.swift; sourceTree = "<group>"; };
		E43DD0B01FA5F0AF00DF6462 /* Constants.swift */ = {isa = PBXFileReference; lastKnownFileType = sourcecode.swift; path = Constants.swift; sourceTree = "<group>"; };
		E481ADA41F14E6FD00F22ECA /* Mu Origin Calculator.app */ = {isa = PBXFileReference; explicitFileType = wrapper.application; includeInIndex = 0; path = "Mu Origin Calculator.app"; sourceTree = BUILT_PRODUCTS_DIR; };
		E481ADA71F14E6FD00F22ECA /* AppDelegate.swift */ = {isa = PBXFileReference; lastKnownFileType = sourcecode.swift; path = AppDelegate.swift; sourceTree = "<group>"; };
		E481ADAC1F14E6FD00F22ECA /* Base */ = {isa = PBXFileReference; lastKnownFileType = file.storyboard; name = Base; path = Base.lproj/Main.storyboard; sourceTree = "<group>"; };
		E481ADAE1F14E6FD00F22ECA /* Assets.xcassets */ = {isa = PBXFileReference; lastKnownFileType = folder.assetcatalog; path = Assets.xcassets; sourceTree = "<group>"; };
		E481ADB31F14E6FD00F22ECA /* Info.plist */ = {isa = PBXFileReference; lastKnownFileType = text.plist.xml; path = Info.plist; sourceTree = "<group>"; };
		E481ADBA1F14FC5200F22ECA /* DarkKnightViewController.swift */ = {isa = PBXFileReference; fileEncoding = 4; lastKnownFileType = sourcecode.swift; path = DarkKnightViewController.swift; sourceTree = "<group>"; };
		E481ADBC1F14FC6700F22ECA /* DarkWizardViewController.swift */ = {isa = PBXFileReference; fileEncoding = 4; lastKnownFileType = sourcecode.swift; path = DarkWizardViewController.swift; sourceTree = "<group>"; };
		E481ADBE1F14FC8000F22ECA /* ElfViewController.swift */ = {isa = PBXFileReference; fileEncoding = 4; lastKnownFileType = sourcecode.swift; path = ElfViewController.swift; sourceTree = "<group>"; };
		E481ADC01F14FC9100F22ECA /* MagicKnightViewController.swift */ = {isa = PBXFileReference; fileEncoding = 4; lastKnownFileType = sourcecode.swift; path = MagicKnightViewController.swift; sourceTree = "<group>"; };
		E481ADC21F17921D00F22ECA /* MainMenuViewController.swift */ = {isa = PBXFileReference; fileEncoding = 4; lastKnownFileType = sourcecode.swift; path = MainMenuViewController.swift; sourceTree = "<group>"; };
		E481ADC51F17B11300F22ECA /* Character.swift */ = {isa = PBXFileReference; fileEncoding = 4; lastKnownFileType = sourcecode.swift; path = Character.swift; sourceTree = "<group>"; };
		E48703911F9E66FE00562F5F /* Colors.swift */ = {isa = PBXFileReference; lastKnownFileType = sourcecode.swift; path = Colors.swift; sourceTree = "<group>"; };
		E48703931F9FAE2100562F5F /* MenuButton.swift */ = {isa = PBXFileReference; lastKnownFileType = sourcecode.swift; path = MenuButton.swift; sourceTree = "<group>"; };
		E48703951FA03F1100562F5F /* TextClass.swift */ = {isa = PBXFileReference; lastKnownFileType = sourcecode.swift; path = TextClass.swift; sourceTree = "<group>"; };
		E48703971FA040FF00562F5F /* LabelWhiteColorClass.swift */ = {isa = PBXFileReference; lastKnownFileType = sourcecode.swift; path = LabelWhiteColorClass.swift; sourceTree = "<group>"; };
		E48703991FA2334300562F5F /* LabelOrangeColorClass.swift */ = {isa = PBXFileReference; lastKnownFileType = sourcecode.swift; path = LabelOrangeColorClass.swift; sourceTree = "<group>"; };
		E490707D1FE20CF800671F89 /* IPadViewController.swift */ = {isa = PBXFileReference; lastKnownFileType = sourcecode.swift; path = IPadViewController.swift; sourceTree = "<group>"; };
		E4A783041FB8DEF70056F5A2 /* SaveStats.swift */ = {isa = PBXFileReference; lastKnownFileType = sourcecode.swift; path = SaveStats.swift; sourceTree = "<group>"; };
		E4AC6D491FA528C100A7CFBA /* ChangeStatsButton.swift */ = {isa = PBXFileReference; lastKnownFileType = sourcecode.swift; path = ChangeStatsButton.swift; sourceTree = "<group>"; };
/* End PBXFileReference section */

/* Begin PBXFrameworksBuildPhase section */
		E481ADA11F14E6FD00F22ECA /* Frameworks */ = {
			isa = PBXFrameworksBuildPhase;
			buildActionMask = 2147483647;
			files = (
			);
			runOnlyForDeploymentPostprocessing = 0;
		};
/* End PBXFrameworksBuildPhase section */

/* Begin PBXGroup section */
		E421EA4F1F38F9DB0088C40F /* Helpers */ = {
			isa = PBXGroup;
			children = (
				E421EA501F38FA040088C40F /* Alert.swift */,
				E48703911F9E66FE00562F5F /* Colors.swift */,
				E43DD0B01FA5F0AF00DF6462 /* Constants.swift */,
				E4A783041FB8DEF70056F5A2 /* SaveStats.swift */,
			);
			name = Helpers;
			sourceTree = "<group>";
		};
		E481AD9B1F14E6FD00F22ECA = {
			isa = PBXGroup;
			children = (
				E481ADA61F14E6FD00F22ECA /* Mu Origin Calculator */,
				E481ADA51F14E6FD00F22ECA /* Products */,
			);
			sourceTree = "<group>";
		};
		E481ADA51F14E6FD00F22ECA /* Products */ = {
			isa = PBXGroup;
			children = (
				E481ADA41F14E6FD00F22ECA /* Mu Origin Calculator.app */,
			);
			name = Products;
			sourceTree = "<group>";
		};
		E481ADA61F14E6FD00F22ECA /* Mu Origin Calculator */ = {
			isa = PBXGroup;
			children = (
				E421EA4F1F38F9DB0088C40F /* Helpers */,
				E481ADC41F17B0E900F22ECA /* Models */,
				E481ADB91F14F83B00F22ECA /* ViewControllers */,
				E481ADA71F14E6FD00F22ECA /* AppDelegate.swift */,
				E481ADAB1F14E6FD00F22ECA /* Main.storyboard */,
				E481ADAE1F14E6FD00F22ECA /* Assets.xcassets */,
				E481ADB31F14E6FD00F22ECA /* Info.plist */,
			);
			path = "Mu Origin Calculator";
			sourceTree = "<group>";
		};
		E481ADB91F14F83B00F22ECA /* ViewControllers */ = {
			isa = PBXGroup;
			children = (
				E481ADBA1F14FC5200F22ECA /* DarkKnightViewController.swift */,
				E481ADBC1F14FC6700F22ECA /* DarkWizardViewController.swift */,
				E481ADBE1F14FC8000F22ECA /* ElfViewController.swift */,
				E481ADC01F14FC9100F22ECA /* MagicKnightViewController.swift */,
				E481ADC21F17921D00F22ECA /* MainMenuViewController.swift */,
				E48703931F9FAE2100562F5F /* MenuButton.swift */,
				E48703951FA03F1100562F5F /* TextClass.swift */,
				E48703971FA040FF00562F5F /* LabelWhiteColorClass.swift */,
				E48703991FA2334300562F5F /* LabelOrangeColorClass.swift */,
				E4AC6D491FA528C100A7CFBA /* ChangeStatsButton.swift */,
				E490707D1FE20CF800671F89 /* IPadViewController.swift */,
				E405943B2001EA870056EED1 /* RelictSlider.swift */,
			);
			name = ViewControllers;
			sourceTree = "<group>";
		};
		E481ADC41F17B0E900F22ECA /* Models */ = {
			isa = PBXGroup;
			children = (
				E481ADC51F17B11300F22ECA /* Character.swift */,
			);
			name = Models;
			sourceTree = "<group>";
		};
/* End PBXGroup section */

/* Begin PBXNativeTarget section */
		E481ADA31F14E6FD00F22ECA /* Mu Origin Calculator */ = {
			isa = PBXNativeTarget;
			buildConfigurationList = E481ADB61F14E6FD00F22ECA /* Build configuration list for PBXNativeTarget "Mu Origin Calculator" */;
			buildPhases = (
				E481ADA01F14E6FD00F22ECA /* Sources */,
				E481ADA11F14E6FD00F22ECA /* Frameworks */,
				E481ADA21F14E6FD00F22ECA /* Resources */,
			);
			buildRules = (
			);
			dependencies = (
			);
			name = "Mu Origin Calculator";
			productName = "Mu Origin Calculator";
			productReference = E481ADA41F14E6FD00F22ECA /* Mu Origin Calculator.app */;
			productType = "com.apple.product-type.application";
		};
/* End PBXNativeTarget section */

/* Begin PBXProject section */
		E481AD9C1F14E6FD00F22ECA /* Project object */ = {
			isa = PBXProject;
			attributes = {
				LastSwiftUpdateCheck = 0830;
				LastUpgradeCheck = 0920;
				ORGANIZATIONNAME = "Oleksandr Kysil";
				TargetAttributes = {
					E481ADA31F14E6FD00F22ECA = {
						CreatedOnToolsVersion = 8.3.3;
						DevelopmentTeam = MW5NN26C7T;
						ProvisioningStyle = Automatic;
					};
				};
			};
			buildConfigurationList = E481AD9F1F14E6FD00F22ECA /* Build configuration list for PBXProject "Mu Origin Calculator" */;
			compatibilityVersion = "Xcode 3.2";
			developmentRegion = English;
			hasScannedForEncodings = 0;
			knownRegions = (
				en,
				Base,
			);
			mainGroup = E481AD9B1F14E6FD00F22ECA;
			productRefGroup = E481ADA51F14E6FD00F22ECA /* Products */;
			projectDirPath = "";
			projectRoot = "";
			targets = (
				E481ADA31F14E6FD00F22ECA /* Mu Origin Calculator */,
			);
		};
/* End PBXProject section */

/* Begin PBXResourcesBuildPhase section */
		E481ADA21F14E6FD00F22ECA /* Resources */ = {
			isa = PBXResourcesBuildPhase;
			buildActionMask = 2147483647;
			files = (
				E481ADAF1F14E6FD00F22ECA /* Assets.xcassets in Resources */,
				E481ADAD1F14E6FD00F22ECA /* Main.storyboard in Resources */,
			);
			runOnlyForDeploymentPostprocessing = 0;
		};
/* End PBXResourcesBuildPhase section */

/* Begin PBXSourcesBuildPhase section */
		E481ADA01F14E6FD00F22ECA /* Sources */ = {
			isa = PBXSourcesBuildPhase;
			buildActionMask = 2147483647;
			files = (
				E48703961FA03F1100562F5F /* TextClass.swift in Sources */,
				E481ADC31F17921D00F22ECA /* MainMenuViewController.swift in Sources */,
				E48703921F9E66FE00562F5F /* Colors.swift in Sources */,
				E405943C2001EA870056EED1 /* RelictSlider.swift in Sources */,
				E4AC6D4A1FA528C100A7CFBA /* ChangeStatsButton.swift in Sources */,
				E48703941F9FAE2200562F5F /* MenuButton.swift in Sources */,
				E43DD0B11FA5F0AF00DF6462 /* Constants.swift in Sources */,
				E490707E1FE20CF800671F89 /* IPadViewController.swift in Sources */,
				E481ADBF1F14FC8000F22ECA /* ElfViewController.swift in Sources */,
				E481ADC61F17B11300F22ECA /* Character.swift in Sources */,
				E4A783051FB8DEF70056F5A2 /* SaveStats.swift in Sources */,
				E481ADBD1F14FC6700F22ECA /* DarkWizardViewController.swift in Sources */,
				E487039A1FA2334300562F5F /* LabelOrangeColorClass.swift in Sources */,
				E481ADC11F14FC9100F22ECA /* MagicKnightViewController.swift in Sources */,
				E481ADA81F14E6FD00F22ECA /* AppDelegate.swift in Sources */,
				E48703981FA040FF00562F5F /* LabelWhiteColorClass.swift in Sources */,
				E421EA511F38FA040088C40F /* Alert.swift in Sources */,
				E481ADBB1F14FC5200F22ECA /* DarkKnightViewController.swift in Sources */,
			);
			runOnlyForDeploymentPostprocessing = 0;
		};
/* End PBXSourcesBuildPhase section */

/* Begin PBXVariantGroup section */
		E481ADAB1F14E6FD00F22ECA /* Main.storyboard */ = {
			isa = PBXVariantGroup;
			children = (
				E481ADAC1F14E6FD00F22ECA /* Base */,
			);
			name = Main.storyboard;
			sourceTree = "<group>";
		};
/* End PBXVariantGroup section */

/* Begin XCBuildConfiguration section */
		E481ADB41F14E6FD00F22ECA /* Debug */ = {
			isa = XCBuildConfiguration;
			buildSettings = {
				ALWAYS_SEARCH_USER_PATHS = NO;
				CLANG_ANALYZER_NONNULL = YES;
				CLANG_ANALYZER_NUMBER_OBJECT_CONVERSION = YES_AGGRESSIVE;
				CLANG_CXX_LANGUAGE_STANDARD = "gnu++0x";
				CLANG_CXX_LIBRARY = "libc++";
				CLANG_ENABLE_MODULES = YES;
				CLANG_ENABLE_OBJC_ARC = YES;
				CLANG_WARN_BLOCK_CAPTURE_AUTORELEASING = YES;
				CLANG_WARN_BOOL_CONVERSION = YES;
				CLANG_WARN_COMMA = YES;
				CLANG_WARN_CONSTANT_CONVERSION = YES;
				CLANG_WARN_DIRECT_OBJC_ISA_USAGE = YES_ERROR;
				CLANG_WARN_DOCUMENTATION_COMMENTS = YES;
				CLANG_WARN_EMPTY_BODY = YES;
				CLANG_WARN_ENUM_CONVERSION = YES;
				CLANG_WARN_INFINITE_RECURSION = YES;
				CLANG_WARN_INT_CONVERSION = YES;
				CLANG_WARN_NON_LITERAL_NULL_CONVERSION = YES;
				CLANG_WARN_OBJC_LITERAL_CONVERSION = YES;
				CLANG_WARN_OBJC_ROOT_CLASS = YES_ERROR;
				CLANG_WARN_RANGE_LOOP_ANALYSIS = YES;
				CLANG_WARN_STRICT_PROTOTYPES = YES;
				CLANG_WARN_SUSPICIOUS_MOVE = YES;
				CLANG_WARN_UNREACHABLE_CODE = YES;
				CLANG_WARN__DUPLICATE_METHOD_MATCH = YES;
				"CODE_SIGN_IDENTITY[sdk=iphoneos*]" = "iPhone Developer";
				COPY_PHASE_STRIP = NO;
				DEBUG_INFORMATION_FORMAT = dwarf;
				ENABLE_STRICT_OBJC_MSGSEND = YES;
				ENABLE_TESTABILITY = YES;
				GCC_C_LANGUAGE_STANDARD = gnu99;
				GCC_DYNAMIC_NO_PIC = NO;
				GCC_NO_COMMON_BLOCKS = YES;
				GCC_OPTIMIZATION_LEVEL = 0;
				GCC_PREPROCESSOR_DEFINITIONS = (
					"DEBUG=1",
					"$(inherited)",
				);
				GCC_WARN_64_TO_32_BIT_CONVERSION = YES;
				GCC_WARN_ABOUT_RETURN_TYPE = YES_ERROR;
				GCC_WARN_UNDECLARED_SELECTOR = YES;
				GCC_WARN_UNINITIALIZED_AUTOS = YES_AGGRESSIVE;
				GCC_WARN_UNUSED_FUNCTION = YES;
				GCC_WARN_UNUSED_VARIABLE = YES;
				IPHONEOS_DEPLOYMENT_TARGET = 11.2;
				MTL_ENABLE_DEBUG_INFO = YES;
				ONLY_ACTIVE_ARCH = YES;
				SDKROOT = iphoneos;
				SWIFT_ACTIVE_COMPILATION_CONDITIONS = DEBUG;
				SWIFT_OPTIMIZATION_LEVEL = "-Onone";
			};
			name = Debug;
		};
		E481ADB51F14E6FD00F22ECA /* Release */ = {
			isa = XCBuildConfiguration;
			buildSettings = {
				ALWAYS_SEARCH_USER_PATHS = NO;
				CLANG_ANALYZER_NONNULL = YES;
				CLANG_ANALYZER_NUMBER_OBJECT_CONVERSION = YES_AGGRESSIVE;
				CLANG_CXX_LANGUAGE_STANDARD = "gnu++0x";
				CLANG_CXX_LIBRARY = "libc++";
				CLANG_ENABLE_MODULES = YES;
				CLANG_ENABLE_OBJC_ARC = YES;
				CLANG_WARN_BLOCK_CAPTURE_AUTORELEASING = YES;
				CLANG_WARN_BOOL_CONVERSION = YES;
				CLANG_WARN_COMMA = YES;
				CLANG_WARN_CONSTANT_CONVERSION = YES;
				CLANG_WARN_DIRECT_OBJC_ISA_USAGE = YES_ERROR;
				CLANG_WARN_DOCUMENTATION_COMMENTS = YES;
				CLANG_WARN_EMPTY_BODY = YES;
				CLANG_WARN_ENUM_CONVERSION = YES;
				CLANG_WARN_INFINITE_RECURSION = YES;
				CLANG_WARN_INT_CONVERSION = YES;
				CLANG_WARN_NON_LITERAL_NULL_CONVERSION = YES;
				CLANG_WARN_OBJC_LITERAL_CONVERSION = YES;
				CLANG_WARN_OBJC_ROOT_CLASS = YES_ERROR;
				CLANG_WARN_RANGE_LOOP_ANALYSIS = YES;
				CLANG_WARN_STRICT_PROTOTYPES = YES;
				CLANG_WARN_SUSPICIOUS_MOVE = YES;
				CLANG_WARN_UNREACHABLE_CODE = YES;
				CLANG_WARN__DUPLICATE_METHOD_MATCH = YES;
				"CODE_SIGN_IDENTITY[sdk=iphoneos*]" = "iPhone Developer";
				COPY_PHASE_STRIP = NO;
				DEBUG_INFORMATION_FORMAT = "dwarf-with-dsym";
				ENABLE_NS_ASSERTIONS = NO;
				ENABLE_STRICT_OBJC_MSGSEND = YES;
				GCC_C_LANGUAGE_STANDARD = gnu99;
				GCC_NO_COMMON_BLOCKS = YES;
				GCC_WARN_64_TO_32_BIT_CONVERSION = YES;
				GCC_WARN_ABOUT_RETURN_TYPE = YES_ERROR;
				GCC_WARN_UNDECLARED_SELECTOR = YES;
				GCC_WARN_UNINITIALIZED_AUTOS = YES_AGGRESSIVE;
				GCC_WARN_UNUSED_FUNCTION = YES;
				GCC_WARN_UNUSED_VARIABLE = YES;
				IPHONEOS_DEPLOYMENT_TARGET = 11.2;
				MTL_ENABLE_DEBUG_INFO = NO;
				SDKROOT = iphoneos;
				SWIFT_OPTIMIZATION_LEVEL = "-Owholemodule";
				VALIDATE_PRODUCT = YES;
			};
			name = Release;
		};
		E481ADB71F14E6FD00F22ECA /* Debug */ = {
			isa = XCBuildConfiguration;
			buildSettings = {
				ASSETCATALOG_COMPILER_APPICON_NAME = AppIcon;
				ASSETCATALOG_COMPILER_LAUNCHIMAGE_NAME = MuLauchImages;
				DEVELOPMENT_TEAM = MW5NN26C7T;
				INFOPLIST_FILE = "Mu Origin Calculator/Info.plist";
				IPHONEOS_DEPLOYMENT_TARGET = 9.0;
				LD_RUNPATH_SEARCH_PATHS = "$(inherited) @executable_path/Frameworks";
				PRODUCT_BUNDLE_IDENTIFIER = "Oleksandr-Kysil.Mu-Origin-Calculator";
				PRODUCT_NAME = "$(TARGET_NAME)";
				SWIFT_VERSION = 3.0;
				TARGETED_DEVICE_FAMILY = "1,2";
			};
			name = Debug;
		};
		E481ADB81F14E6FD00F22ECA /* Release */ = {
			isa = XCBuildConfiguration;
			buildSettings = {
				ASSETCATALOG_COMPILER_APPICON_NAME = AppIcon;
				ASSETCATALOG_COMPILER_LAUNCHIMAGE_NAME = MuLauchImages;
				DEVELOPMENT_TEAM = MW5NN26C7T;
				INFOPLIST_FILE = "Mu Origin Calculator/Info.plist";
				IPHONEOS_DEPLOYMENT_TARGET = 9.0;
				LD_RUNPATH_SEARCH_PATHS = "$(inherited) @executable_path/Frameworks";
				PRODUCT_BUNDLE_IDENTIFIER = "Oleksandr-Kysil.Mu-Origin-Calculator";
				PRODUCT_NAME = "$(TARGET_NAME)";
				SWIFT_VERSION = 3.0;
				TARGETED_DEVICE_FAMILY = "1,2";
			};
			name = Release;
		};
/* End XCBuildConfiguration section */

/* Begin XCConfigurationList section */
		E481AD9F1F14E6FD00F22ECA /* Build configuration list for PBXProject "Mu Origin Calculator" */ = {
			isa = XCConfigurationList;
			buildConfigurations = (
				E481ADB41F14E6FD00F22ECA /* Debug */,
				E481ADB51F14E6FD00F22ECA /* Release */,
			);
			defaultConfigurationIsVisible = 0;
			defaultConfigurationName = Release;
		};
		E481ADB61F14E6FD00F22ECA /* Build configuration list for PBXNativeTarget "Mu Origin Calculator" */ = {
			isa = XCConfigurationList;
			buildConfigurations = (
				E481ADB71F14E6FD00F22ECA /* Debug */,
				E481ADB81F14E6FD00F22ECA /* Release */,
			);
			defaultConfigurationIsVisible = 0;
			defaultConfigurationName = Release;
		};
/* End XCConfigurationList section */
	};
	rootObject = E481AD9C1F14E6FD00F22ECA /* Project object */;
}
